
Microsoft Visual Studio Solution File, Format Version 12.00
# Visual Studio Version 17
VisualStudioVersion = 17.14.37314.3
MinimumVisualStudioVersion = 10.0.40219.1
Project("{2150E333-8FDC-42A3-9474-1A3956D46DE8}") = "src", "src", "{827E0CD3-B72D-47B6-A68D-7590B98EB39B}"
EndProject
Project("{FAE04EC0-301F-11D3-BF4B-00C04F79EFBC}") = "MicroServicioAuth", "src\MicroServicioAuth\MicroServicioAuth.csproj", "{AE558F72-E9A1-4E54-AFA0-71A82E920063}"
EndProject
Project("{FAE04EC0-301F-11D3-BF4B-00C04F79EFBC}") = "MicroServicioInstituciones", "src\MicroServicioInstituciones\MicroServicioInstituciones.csproj", "{3021A9F1-D102-45E6-B9EE-CC8FB011E023}"
EndProject
Project("{FAE04EC0-301F-11D3-BF4B-00C04F79EFBC}") = "MicroServicioCarreras", "src\MicroServicioCarreras\MicroServicioCarreras.csproj", "{1F915F60-5113-4782-84B3-967D706E4605}"
EndProject
Project("{FAE04EC0-301F-11D3-BF4B-00C04F79EFBC}") = "MicroServicioAreas", "src\MicroServicioAreas\MicroServicioAreas.csproj", "{380A7D89-A61B-414B-8303-FC01D9E2882D}"
EndProject
Project("{FAE04EC0-301F-11D3-BF4B-00C04F79EFBC}") = "MicroServicioTiposUsuario", "src\MicroServicioTiposUsuario\MicroServicioTiposUsuario.csproj", "{1ADF554D-DD91-4444-BD7A-1043C6BFF83A}"
EndProject
Project("{FAE04EC0-301F-11D3-BF4B-00C04F79EFBC}") = "MicroServicioTiposID", "src\MicroServicioTiposID\MicroServicioTiposID.csproj", "{FEEB058C-6F05-40F5-9D64-F0157E64EED6}"
EndProject
Project("{FAE04EC0-301F-11D3-BF4B-00C04F79EFBC}") = "MicroServicioPantallas", "src\MicroServicioPantallas\MicroServicioPantallas.csproj", "{95690D60-9CAD-44EA-BD1E-C63963914E85}"
EndProject
Project("{FAE04EC0-301F-11D3-BF4B-00C04F79EFBC}") = "MicroServicioRoles", "src\MicroServicioRoles\MicroServicioRoles.csproj", "{D60860D6-501D-4CA5-BE4D-0BADF67CE6B9}"
EndProject
Project("{FAE04EC0-301F-11D3-BF4B-00C04F79EFBC}") = "MicroServicioBitacoras", "src\MicroServicioBitacoras\MicroServicioBitacoras.csproj", "{4FE9C04C-A7D4-40B5-8B6D-E7260122A692}"
EndProject
Project("{FAE04EC0-301F-11D3-BF4B-00C04F79EFBC}") = "MicroServicioUsuarios", "src\MicroServicioUsuarios\MicroServicioUsuarios.csproj", "{C6AD70A8-968F-4491-928A-4C8A23E74557}"
EndProject
Project("{FAE04EC0-301F-11D3-BF4B-00C04F79EFBC}") = "MicroServicioAutoregistro", "src\MicroServicioAutoregistro\MicroServicioAutoregistro.csproj", "{FEA5BAA4-8735-407B-8868-9AB80DC09F0A}"
EndProject
Project("{FAE04EC0-301F-11D3-BF4B-00C04F79EFBC}") = "MicroServicioEstadoUsuario", "src\MicroServicioActualizarEstado\MicroServicioEstadoUsuario.csproj", "{0123D5C6-1CF4-46D3-A48F-36C10AC56F88}"
EndProject
Project("{FAE04EC0-301F-11D3-BF4B-00C04F79EFBC}") = "MicroServicioFotografias", "src\MicroServicioFotografias\MicroServicioFotografias.csproj", "{14DDA9A0-BC2B-45B8-8093-71367ADDC94B}"
EndProject
Project("{FAE04EC0-301F-11D3-BF4B-00C04F79EFBC}") = "MicroServicioQRs", "src\MicroServicioQRs\MicroServicioQRs.csproj", "{9466FD71-A417-4AA8-B9E0-4077DCF62CE7}"
EndProject
Project("{FAE04EC0-301F-11D3-BF4B-00C04F79EFBC}") = "MicroServicioParametros", "src\MicroServicioParametros\MicroServicioParametros.csproj", "{2DD09833-636B-405D-BB8C-2B70FED4CCD2}"
EndProject
Project("{FAE04EC0-301F-11D3-BF4B-00C04F79EFBC}") = "SitioAdministrativoCarnetDigital", "src\SitioAdministrativoCarnetDigital\SitioAdministrativoCarnetDigital.csproj", "{0A46CDA4-0B29-4031-A9E3-C0EB55F11248}"
EndProject
Global
	GlobalSection(SolutionConfigurationPlatforms) = preSolution
		Debug|Any CPU = Debug|Any CPU
		Debug|x64 = Debug|x64
		Debug|x86 = Debug|x86
		Release|Any CPU = Release|Any CPU
		Release|x64 = Release|x64
		Release|x86 = Release|x86
	EndGlobalSection
	GlobalSection(ProjectConfigurationPlatforms) = postSolution
		{AE558F72-E9A1-4E54-AFA0-71A82E920063}.Debug|Any CPU.ActiveCfg = Debug|Any CPU
		{AE558F72-E9A1-4E54-AFA0-71A82E920063}.Debug|Any CPU.Build.0 = Debug|Any CPU
		{AE558F72-E9A1-4E54-AFA0-71A82E920063}.Debug|x64.ActiveCfg = Debug|Any CPU
		{AE558F72-E9A1-4E54-AFA0-71A82E920063}.Debug|x64.Build.0 = Debug|Any CPU
		{AE558F72-E9A1-4E54-AFA0-71A82E920063}.Debug|x86.ActiveCfg = Debug|Any CPU
		{AE558F72-E9A1-4E54-AFA0-71A82E920063}.Debug|x86.Build.0 = Debug|Any CPU
		{AE558F72-E9A1-4E54-AFA0-71A82E920063}.Release|Any CPU.ActiveCfg = Release|Any CPU
		{AE558F72-E9A1-4E54-AFA0-71A82E920063}.Release|Any CPU.Build.0 = Release|Any CPU
		{AE558F72-E9A1-4E54-AFA0-71A82E920063}.Release|x64.ActiveCfg = Release|Any CPU
		{AE558F72-E9A1-4E54-AFA0-71A82E920063}.Release|x64.Build.0 = Release|Any CPU
		{AE558F72-E9A1-4E54-AFA0-71A82E920063}.Release|x86.ActiveCfg = Release|Any CPU
		{AE558F72-E9A1-4E54-AFA0-71A82E920063}.Release|x86.Build.0 = Release|Any CPU
		{3021A9F1-D102-45E6-B9EE-CC8FB011E023}.Debug|Any CPU.ActiveCfg = Debug|Any CPU
		{3021A9F1-D102-45E6-B9EE-CC8FB011E023}.Debug|Any CPU.Build.0 = Debug|Any CPU
		{3021A9F1-D102-45E6-B9EE-CC8FB011E023}.Debug|x64.ActiveCfg = Debug|Any CPU
		{3021A9F1-D102-45E6-B9EE-CC8FB011E023}.Debug|x64.Build.0 = Debug|Any CPU
		{3021A9F1-D102-45E6-B9EE-CC8FB011E023}.Debug|x86.ActiveCfg = Debug|Any CPU
		{3021A9F1-D102-45E6-B9EE-CC8FB011E023}.Debug|x86.Build.0 = Debug|Any CPU
		{3021A9F1-D102-45E6-B9EE-CC8FB011E023}.Release|Any CPU.ActiveCfg = Release|Any CPU
		{3021A9F1-D102-45E6-B9EE-CC8FB011E023}.Release|Any CPU.Build.0 = Release|Any CPU
		{3021A9F1-D102-45E6-B9EE-CC8FB011E023}.Release|x64.ActiveCfg = Release|Any CPU
		{3021A9F1-D102-45E6-B9EE-CC8FB011E023}.Release|x64.Build.0 = Release|Any CPU
		{3021A9F1-D102-45E6-B9EE-CC8FB011E023}.Release|x86.ActiveCfg = Release|Any CPU
		{3021A9F1-D102-45E6-B9EE-CC8FB011E023}.Release|x86.Build.0 = Release|Any CPU
		{1F915F60-5113-4782-84B3-967D706E4605}.Debug|Any CPU.ActiveCfg = Debug|Any CPU
		{1F915F60-5113-4782-84B3-967D706E4605}.Debug|Any CPU.Build.0 = Debug|Any CPU
		{1F915F60-5113-4782-84B3-967D706E4605}.Debug|x64.ActiveCfg = Debug|Any CPU
		{1F915F60-5113-4782-84B3-967D706E4605}.Debug|x64.Build.0 = Debug|Any CPU
		{1F915F60-5113-4782-84B3-967D706E4605}.Debug|x86.ActiveCfg = Debug|Any CPU
		{1F915F60-5113-4782-84B3-967D706E4605}.Debug|x86.Build.0 = Debug|Any CPU
		{1F915F60-5113-4782-84B3-967D706E4605}.Release|Any CPU.ActiveCfg = Release|Any CPU
		{1F915F60-5113-4782-84B3-967D706E4605}.Release|Any CPU.Build.0 = Release|Any CPU
		{1F915F60-5113-4782-84B3-967D706E4605}.Release|x64.ActiveCfg = Release|Any CPU
		{1F915F60-5113-4782-84B3-967D706E4605}.Release|x64.Build.0 = Release|Any CPU
		{1F915F60-5113-4782-84B3-967D706E4605}.Release|x86.ActiveCfg = Release|Any CPU
		{1F915F60-5113-4782-84B3-967D706E4605}.Release|x86.Build.0 = Release|Any CPU
		{380A7D89-A61B-414B-8303-FC01D9E2882D}.Debug|Any CPU.ActiveCfg = Debug|Any CPU
		{380A7D89-A61B-414B-8303-FC01D9E2882D}.Debug|Any CPU.Build.0 = Debug|Any CPU
		{380A7D89-A61B-414B-8303-FC01D9E2882D}.Debug|x64.ActiveCfg = Debug|Any CPU
		{380A7D89-A61B-414B-8303-FC01D9E2882D}.Debug|x64.Build.0 = Debug|Any CPU
		{380A7D89-A61B-414B-8303-FC01D9E2882D}.Debug|x86.ActiveCfg = Debug|Any CPU
		{380A7D89-A61B-414B-8303-FC01D9E2882D}.Debug|x86.Build.0 = Debug|Any CPU
		{380A7D89-A61B-414B-8303-FC01D9E2882D}.Release|Any CPU.ActiveCfg = Release|Any CPU
		{380A7D89-A61B-414B-8303-FC01D9E2882D}.Release|Any CPU.Build.0 = Release|Any CPU
		{380A7D89-A61B-414B-8303-FC01D9E2882D}.Release|x64.ActiveCfg = Release|Any CPU
		{380A7D89-A61B-414B-8303-FC01D9E2882D}.Release|x64.Build.0 = Release|Any CPU
		{380A7D89-A61B-414B-8303-FC01D9E2882D}.Release|x86.ActiveCfg = Release|Any CPU
		{380A7D89-A61B-414B-8303-FC01D9E2882D}.Release|x86.Build.0 = Release|Any CPU
		{1ADF554D-DD91-4444-BD7A-1043C6BFF83A}.Debug|Any CPU.ActiveCfg = Debug|Any CPU
		{1ADF554D-DD91-4444-BD7A-1043C6BFF83A}.Debug|Any CPU.Build.0 = Debug|Any CPU
		{1ADF554D-DD91-4444-BD7A-1043C6BFF83A}.Debug|x64.ActiveCfg = Debug|Any CPU
		{1ADF554D-DD91-4444-BD7A-1043C6BFF83A}.Debug|x64.Build.0 = Debug|Any CPU
		{1ADF554D-DD91-4444-BD7A-1043C6BFF83A}.Debug|x86.ActiveCfg = Debug|Any CPU
		{1ADF554D-DD91-4444-BD7A-1043C6BFF83A}.Debug|x86.Build.0 = Debug|Any CPU
		{1ADF554D-DD91-4444-BD7A-1043C6BFF83A}.Release|Any CPU.ActiveCfg = Release|Any CPU
		{1ADF554D-DD91-4444-BD7A-1043C6BFF83A}.Release|Any CPU.Build.0 = Release|Any CPU
		{1ADF554D-DD91-4444-BD7A-1043C6BFF83A}.Release|x64.ActiveCfg = Release|Any CPU
		{1ADF554D-DD91-4444-BD7A-1043C6BFF83A}.Release|x64.Build.0 = Release|Any CPU
		{1ADF554D-DD91-4444-BD7A-1043C6BFF83A}.Release|x86.ActiveCfg = Release|Any CPU
		{1ADF554D-DD91-4444-BD7A-1043C6BFF83A}.Release|x86.Build.0 = Release|Any CPU
		{FEEB058C-6F05-40F5-9D64-F0157E64EED6}.Debug|Any CPU.ActiveCfg = Debug|Any CPU
		{FEEB058C-6F05-40F5-9D64-F0157E64EED6}.Debug|Any CPU.Build.0 = Debug|Any CPU
		{FEEB058C-6F05-40F5-9D64-F0157E64EED6}.Debug|x64.ActiveCfg = Debug|Any CPU
		{FEEB058C-6F05-40F5-9D64-F0157E64EED6}.Debug|x64.Build.0 = Debug|Any CPU
		{FEEB058C-6F05-40F5-9D64-F0157E64EED6}.Debug|x86.ActiveCfg = Debug|Any CPU
		{FEEB058C-6F05-40F5-9D64-F0157E64EED6}.Debug|x86.Build.0 = Debug|Any CPU
		{FEEB058C-6F05-40F5-9D64-F0157E64EED6}.Release|Any CPU.ActiveCfg = Release|Any CPU
		{FEEB058C-6F05-40F5-9D64-F0157E64EED6}.Release|Any CPU.Build.0 = Release|Any CPU
		{FEEB058C-6F05-40F5-9D64-F0157E64EED6}.Release|x64.ActiveCfg = Release|Any CPU
		{FEEB058C-6F05-40F5-9D64-F0157E64EED6}.Release|x64.Build.0 = Release|Any CPU
		{FEEB058C-6F05-40F5-9D64-F0157E64EED6}.Release|x86.ActiveCfg = Release|Any CPU
		{FEEB058C-6F05-40F5-9D64-F0157E64EED6}.Release|x86.Build.0 = Release|Any CPU
		{95690D60-9CAD-44EA-BD1E-C63963914E85}.Debug|Any CPU.ActiveCfg = Debug|Any CPU
		{95690D60-9CAD-44EA-BD1E-C63963914E85}.Debug|Any CPU.Build.0 = Debug|Any CPU
		{95690D60-9CAD-44EA-BD1E-C63963914E85}.Debug|x64.ActiveCfg = Debug|Any CPU
		{95690D60-9CAD-44EA-BD1E-C63963914E85}.Debug|x64.Build.0 = Debug|Any CPU
		{95690D60-9CAD-44EA-BD1E-C63963914E85}.Debug|x86.ActiveCfg = Debug|Any CPU
		{95690D60-9CAD-44EA-BD1E-C63963914E85}.Debug|x86.Build.0 = Debug|Any CPU
		{95690D60-9CAD-44EA-BD1E-C63963914E85}.Release|Any CPU.ActiveCfg = Release|Any CPU
		{95690D60-9CAD-44EA-BD1E-C63963914E85}.Release|Any CPU.Build.0 = Release|Any CPU
		{95690D60-9CAD-44EA-BD1E-C63963914E85}.Release|x64.ActiveCfg = Release|Any CPU
		{95690D60-9CAD-44EA-BD1E-C63963914E85}.Release|x64.Build.0 = Release|Any CPU
		{95690D60-9CAD-44EA-BD1E-C63963914E85}.Release|x86.ActiveCfg = Release|Any CPU
		{95690D60-9CAD-44EA-BD1E-C63963914E85}.Release|x86.Build.0 = Release|Any CPU
		{D60860D6-501D-4CA5-BE4D-0BADF67CE6B9}.Debug|Any CPU.ActiveCfg = Debug|Any CPU
		{D60860D6-501D-4CA5-BE4D-0BADF67CE6B9}.Debug|Any CPU.Build.0 = Debug|Any CPU
		{D60860D6-501D-4CA5-BE4D-0BADF67CE6B9}.Debug|x64.ActiveCfg = Debug|Any CPU
		{D60860D6-501D-4CA5-BE4D-0BADF67CE6B9}.Debug|x64.Build.0 = Debug|Any CPU
		{D60860D6-501D-4CA5-BE4D-0BADF67CE6B9}.Debug|x86.ActiveCfg = Debug|Any CPU
		{D60860D6-501D-4CA5-BE4D-0BADF67CE6B9}.Debug|x86.Build.0 = Debug|Any CPU
		{D60860D6-501D-4CA5-BE4D-0BADF67CE6B9}.Release|Any CPU.ActiveCfg = Release|Any CPU
		{D60860D6-501D-4CA5-BE4D-0BADF67CE6B9}.Release|Any CPU.Build.0 = Release|Any CPU
		{D60860D6-501D-4CA5-BE4D-0BADF67CE6B9}.Release|x64.ActiveCfg = Release|Any CPU
		{D60860D6-501D-4CA5-BE4D-0BADF67CE6B9}.Release|x64.Build.0 = Release|Any CPU
		{D60860D6-501D-4CA5-BE4D-0BADF67CE6B9}.Release|x86.ActiveCfg = Release|Any CPU
		{D60860D6-501D-4CA5-BE4D-0BADF67CE6B9}.Release|x86.Build.0 = Release|Any CPU
		{4FE9C04C-A7D4-40B5-8B6D-E7260122A692}.Debug|Any CPU.ActiveCfg = Debug|Any CPU
		{4FE9C04C-A7D4-40B5-8B6D-E7260122A692}.Debug|Any CPU.Build.0 = Debug|Any CPU
		{4FE9C04C-A7D4-40B5-8B6D-E7260122A692}.Debug|x64.ActiveCfg = Debug|Any CPU
		{4FE9C04C-A7D4-40B5-8B6D-E7260122A692}.Debug|x64.Build.0 = Debug|Any CPU
		{4FE9C04C-A7D4-40B5-8B6D-E7260122A692}.Debug|x86.ActiveCfg = Debug|Any CPU
		{4FE9C04C-A7D4-40B5-8B6D-E7260122A692}.Debug|x86.Build.0 = Debug|Any CPU
		{4FE9C04C-A7D4-40B5-8B6D-E7260122A692}.Release|Any CPU.ActiveCfg = Release|Any CPU
		{4FE9C04C-A7D4-40B5-8B6D-E7260122A692}.Release|Any CPU.Build.0 = Release|Any CPU
		{4FE9C04C-A7D4-40B5-8B6D-E7260122A692}.Release|x64.ActiveCfg = Release|Any CPU
		{4FE9C04C-A7D4-40B5-8B6D-E7260122A692}.Release|x64.Build.0 = Release|Any CPU
		{4FE9C04C-A7D4-40B5-8B6D-E7260122A692}.Release|x86.ActiveCfg = Release|Any CPU
		{4FE9C04C-A7D4-40B5-8B6D-E7260122A692}.Release|x86.Build.0 = Release|Any CPU
		{C6AD70A8-968F-4491-928A-4C8A23E74557}.Debug|Any CPU.ActiveCfg = Debug|Any CPU
		{C6AD70A8-968F-4491-928A-4C8A23E74557}.Debug|Any CPU.Build.0 = Debug|Any CPU
		{C6AD70A8-968F-4491-928A-4C8A23E74557}.Debug|x64.ActiveCfg = Debug|Any CPU
		{C6AD70A8-968F-4491-928A-4C8A23E74557}.Debug|x64.Build.0 = Debug|Any CPU
		{C6AD70A8-968F-4491-928A-4C8A23E74557}.Debug|x86.ActiveCfg = Debug|Any CPU
		{C6AD70A8-968F-4491-928A-4C8A23E74557}.Debug|x86.Build.0 = Debug|Any CPU
		{C6AD70A8-968F-4491-928A-4C8A23E74557}.Release|Any CPU.ActiveCfg = Release|Any CPU
		{C6AD70A8-968F-4491-928A-4C8A23E74557}.Release|Any CPU.Build.0 = Release|Any CPU
		{C6AD70A8-968F-4491-928A-4C8A23E74557}.Release|x64.ActiveCfg = Release|Any CPU
		{C6AD70A8-968F-4491-928A-4C8A23E74557}.Release|x64.Build.0 = Release|Any CPU
		{C6AD70A8-968F-4491-928A-4C8A23E74557}.Release|x86.ActiveCfg = Release|Any CPU
		{C6AD70A8-968F-4491-928A-4C8A23E74557}.Release|x86.Build.0 = Release|Any CPU
		{FEA5BAA4-8735-407B-8868-9AB80DC09F0A}.Debug|Any CPU.ActiveCfg = Debug|Any CPU
		{FEA5BAA4-8735-407B-8868-9AB80DC09F0A}.Debug|Any CPU.Build.0 = Debug|Any CPU
		{FEA5BAA4-8735-407B-8868-9AB80DC09F0A}.Debug|x64.ActiveCfg = Debug|Any CPU
		{FEA5BAA4-8735-407B-8868-9AB80DC09F0A}.Debug|x64.Build.0 = Debug|Any CPU
		{FEA5BAA4-8735-407B-8868-9AB80DC09F0A}.Debug|x86.ActiveCfg = Debug|Any CPU
		{FEA5BAA4-8735-407B-8868-9AB80DC09F0A}.Debug|x86.Build.0 = Debug|Any CPU
		{FEA5BAA4-8735-407B-8868-9AB80DC09F0A}.Release|Any CPU.ActiveCfg = Release|Any CPU
		{FEA5BAA4-8735-407B-8868-9AB80DC09F0A}.Release|Any CPU.Build.0 = Release|Any CPU
		{FEA5BAA4-8735-407B-8868-9AB80DC09F0A}.Release|x64.ActiveCfg = Release|Any CPU
		{FEA5BAA4-8735-407B-8868-9AB80DC09F0A}.Release|x64.Build.0 = Release|Any CPU
		{FEA5BAA4-8735-407B-8868-9AB80DC09F0A}.Release|x86.ActiveCfg = Release|Any CPU
		{FEA5BAA4-8735-407B-8868-9AB80DC09F0A}.Release|x86.Build.0 = Release|Any CPU
		{0123D5C6-1CF4-46D3-A48F-36C10AC56F88}.Debug|Any CPU.ActiveCfg = Debug|Any CPU
		{0123D5C6-1CF4-46D3-A48F-36C10AC56F88}.Debug|Any CPU.Build.0 = Debug|Any CPU
		{0123D5C6-1CF4-46D3-A48F-36C10AC56F88}.Debug|x64.ActiveCfg = Debug|Any CPU
		{0123D5C6-1CF4-46D3-A48F-36C10AC56F88}.Debug|x64.Build.0 = Debug|Any CPU
		{0123D5C6-1CF4-46D3-A48F-36C10AC56F88}.Debug|x86.ActiveCfg = Debug|Any CPU
		{0123D5C6-1CF4-46D3-A48F-36C10AC56F88}.Debug|x86.Build.0 = Debug|Any CPU
		{0123D5C6-1CF4-46D3-A48F-36C10AC56F88}.Release|Any CPU.ActiveCfg = Release|Any CPU
		{0123D5C6-1CF4-46D3-A48F-36C10AC56F88}.Release|Any CPU.Build.0 = Release|Any CPU
		{0123D5C6-1CF4-46D3-A48F-36C10AC56F88}.Release|x64.ActiveCfg = Release|Any CPU
		{0123D5C6-1CF4-46D3-A48F-36C10AC56F88}.Release|x64.Build.0 = Release|Any CPU
		{0123D5C6-1CF4-46D3-A48F-36C10AC56F88}.Release|x86.ActiveCfg = Release|Any CPU
		{0123D5C6-1CF4-46D3-A48F-36C10AC56F88}.Release|x86.Build.0 = Release|Any CPU
		{14DDA9A0-BC2B-45B8-8093-71367ADDC94B}.Debug|Any CPU.ActiveCfg = Debug|Any CPU
		{14DDA9A0-BC2B-45B8-8093-71367ADDC94B}.Debug|Any CPU.Build.0 = Debug|Any CPU
		{14DDA9A0-BC2B-45B8-8093-71367ADDC94B}.Debug|x64.ActiveCfg = Debug|Any CPU
		{14DDA9A0-BC2B-45B8-8093-71367ADDC94B}.Debug|x64.Build.0 = Debug|Any CPU
		{14DDA9A0-BC2B-45B8-8093-71367ADDC94B}.Debug|x86.ActiveCfg = Debug|Any CPU
		{14DDA9A0-BC2B-45B8-8093-71367ADDC94B}.Debug|x86.Build.0 = Debug|Any CPU
		{14DDA9A0-BC2B-45B8-8093-71367ADDC94B}.Release|Any CPU.ActiveCfg = Release|Any CPU
		{14DDA9A0-BC2B-45B8-8093-71367ADDC94B}.Release|Any CPU.Build.0 = Release|Any CPU
		{14DDA9A0-BC2B-45B8-8093-71367ADDC94B}.Release|x64.ActiveCfg = Release|Any CPU
		{14DDA9A0-BC2B-45B8-8093-71367ADDC94B}.Release|x64.Build.0 = Release|Any CPU
		{14DDA9A0-BC2B-45B8-8093-71367ADDC94B}.Release|x86.ActiveCfg = Release|Any CPU
		{14DDA9A0-BC2B-45B8-8093-71367ADDC94B}.Release|x86.Build.0 = Release|Any CPU
		{9466FD71-A417-4AA8-B9E0-4077DCF62CE7}.Debug|Any CPU.ActiveCfg = Debug|Any CPU
		{9466FD71-A417-4AA8-B9E0-4077DCF62CE7}.Debug|Any CPU.Build.0 = Debug|Any CPU
		{9466FD71-A417-4AA8-B9E0-4077DCF62CE7}.Debug|x64.ActiveCfg = Debug|Any CPU
		{9466FD71-A417-4AA8-B9E0-4077DCF62CE7}.Debug|x64.Build.0 = Debug|Any CPU
		{9466FD71-A417-4AA8-B9E0-4077DCF62CE7}.Debug|x86.ActiveCfg = Debug|Any CPU
		{9466FD71-A417-4AA8-B9E0-4077DCF62CE7}.Debug|x86.Build.0 = Debug|Any CPU
		{9466FD71-A417-4AA8-B9E0-4077DCF62CE7}.Release|Any CPU.ActiveCfg = Release|Any CPU
		{9466FD71-A417-4AA8-B9E0-4077DCF62CE7}.Release|Any CPU.Build.0 = Release|Any CPU
		{9466FD71-A417-4AA8-B9E0-4077DCF62CE7}.Release|x64.ActiveCfg = Release|Any CPU
		{9466FD71-A417-4AA8-B9E0-4077DCF62CE7}.Release|x64.Build.0 = Release|Any CPU
		{9466FD71-A417-4AA8-B9E0-4077DCF62CE7}.Release|x86.ActiveCfg = Release|Any CPU
		{9466FD71-A417-4AA8-B9E0-4077DCF62CE7}.Release|x86.Build.0 = Release|Any CPU
		{2DD09833-636B-405D-BB8C-2B70FED4CCD2}.Debug|Any CPU.ActiveCfg = Debug|Any CPU
		{2DD09833-636B-405D-BB8C-2B70FED4CCD2}.Debug|Any CPU.Build.0 = Debug|Any CPU
		{2DD09833-636B-405D-BB8C-2B70FED4CCD2}.Debug|x64.ActiveCfg = Debug|Any CPU
		{2DD09833-636B-405D-BB8C-2B70FED4CCD2}.Debug|x64.Build.0 = Debug|Any CPU
		{2DD09833-636B-405D-BB8C-2B70FED4CCD2}.Debug|x86.ActiveCfg = Debug|Any CPU
		{2DD09833-636B-405D-BB8C-2B70FED4CCD2}.Debug|x86.Build.0 = Debug|Any CPU
		{2DD09833-636B-405D-BB8C-2B70FED4CCD2}.Release|Any CPU.ActiveCfg = Release|Any CPU
		{2DD09833-636B-405D-BB8C-2B70FED4CCD2}.Release|Any CPU.Build.0 = Release|Any CPU
		{2DD09833-636B-405D-BB8C-2B70FED4CCD2}.Release|x64.ActiveCfg = Release|Any CPU
		{2DD09833-636B-405D-BB8C-2B70FED4CCD2}.Release|x64.Build.0 = Release|Any CPU
		{2DD09833-636B-405D-BB8C-2B70FED4CCD2}.Release|x86.ActiveCfg = Release|Any CPU
		{2DD09833-636B-405D-BB8C-2B70FED4CCD2}.Release|x86.Build.0 = Release|Any CPU
		{0A46CDA4-0B29-4031-A9E3-C0EB55F11248}.Debug|Any CPU.ActiveCfg = Debug|Any CPU
		{0A46CDA4-0B29-4031-A9E3-C0EB55F11248}.Debug|Any CPU.Build.0 = Debug|Any CPU
		{0A46CDA4-0B29-4031-A9E3-C0EB55F11248}.Debug|x64.ActiveCfg = Debug|Any CPU
		{0A46CDA4-0B29-4031-A9E3-C0EB55F11248}.Debug|x64.Build.0 = Debug|Any CPU
		{0A46CDA4-0B29-4031-A9E3-C0EB55F11248}.Debug|x86.ActiveCfg = Debug|Any CPU
		{0A46CDA4-0B29-4031-A9E3-C0EB55F11248}.Debug|x86.Build.0 = Debug|Any CPU
		{0A46CDA4-0B29-4031-A9E3-C0EB55F11248}.Release|Any CPU.ActiveCfg = Release|Any CPU
		{0A46CDA4-0B29-4031-A9E3-C0EB55F11248}.Release|Any CPU.Build.0 = Release|Any CPU
		{0A46CDA4-0B29-4031-A9E3-C0EB55F11248}.Release|x64.ActiveCfg = Release|Any CPU
		{0A46CDA4-0B29-4031-A9E3-C0EB55F11248}.Release|x64.Build.0 = Release|Any CPU
		{0A46CDA4-0B29-4031-A9E3-C0EB55F11248}.Release|x86.ActiveCfg = Release|Any CPU
		{0A46CDA4-0B29-4031-A9E3-C0EB55F11248}.Release|x86.Build.0 = Release|Any CPU
	EndGlobalSection
	GlobalSection(SolutionProperties) = preSolution
		HideSolutionNode = FALSE
	EndGlobalSection
	GlobalSection(NestedProjects) = preSolution
		{AE558F72-E9A1-4E54-AFA0-71A82E920063} = {827E0CD3-B72D-47B6-A68D-7590B98EB39B}
		{3021A9F1-D102-45E6-B9EE-CC8FB011E023} = {827E0CD3-B72D-47B6-A68D-7590B98EB39B}
		{1F915F60-5113-4782-84B3-967D706E4605} = {827E0CD3-B72D-47B6-A68D-7590B98EB39B}
		{380A7D89-A61B-414B-8303-FC01D9E2882D} = {827E0CD3-B72D-47B6-A68D-7590B98EB39B}
		{1ADF554D-DD91-4444-BD7A-1043C6BFF83A} = {827E0CD3-B72D-47B6-A68D-7590B98EB39B}
		{FEEB058C-6F05-40F5-9D64-F0157E64EED6} = {827E0CD3-B72D-47B6-A68D-7590B98EB39B}
		{95690D60-9CAD-44EA-BD1E-C63963914E85} = {827E0CD3-B72D-47B6-A68D-7590B98EB39B}
		{D60860D6-501D-4CA5-BE4D-0BADF67CE6B9} = {827E0CD3-B72D-47B6-A68D-7590B98EB39B}
		{4FE9C04C-A7D4-40B5-8B6D-E7260122A692} = {827E0CD3-B72D-47B6-A68D-7590B98EB39B}
		{C6AD70A8-968F-4491-928A-4C8A23E74557} = {827E0CD3-B72D-47B6-A68D-7590B98EB39B}
		{FEA5BAA4-8735-407B-8868-9AB80DC09F0A} = {827E0CD3-B72D-47B6-A68D-7590B98EB39B}
		{0123D5C6-1CF4-46D3-A48F-36C10AC56F88} = {827E0CD3-B72D-47B6-A68D-7590B98EB39B}
		{14DDA9A0-BC2B-45B8-8093-71367ADDC94B} = {827E0CD3-B72D-47B6-A68D-7590B98EB39B}
		{9466FD71-A417-4AA8-B9E0-4077DCF62CE7} = {827E0CD3-B72D-47B6-A68D-7590B98EB39B}
		{2DD09833-636B-405D-BB8C-2B70FED4CCD2} = {827E0CD3-B72D-47B6-A68D-7590B98EB39B}
		{0A46CDA4-0B29-4031-A9E3-C0EB55F11248} = {827E0CD3-B72D-47B6-A68D-7590B98EB39B}
	EndGlobalSection
	GlobalSection(ExtensibilityGlobals) = postSolution
		SolutionGuid = {973A5F59-7764-4F17-904D-FCF29540939B}
	EndGlobalSection
EndGlobal
